{
  "version": 4,
  "terraform_version": "1.3.8",
  "serial": 36,
  "lineage": "91eabfb5-5613-85f2-72fc-c0468ba342cd",
  "outputs": {},
  "resources": [
    {
      "module": "module.name",
      "mode": "managed",
      "type": "newrelic_one_dashboard",
      "name": "sachin",
      "provider": "module.name.provider[\"registry.terraform.io/newrelic/newrelic\"]",
      "instances": [
        {
          "index_key": "d1",
          "schema_version": 0,
          "attributes": {
            "account_id": 3930391,
            "description": null,
            "guid": "MzkzMDM5MXxWSVp8REFTSEJPQVJEfGRhOjM4MDYwODU",
            "id": "MzkzMDM5MXxWSVp8REFTSEJPQVJEfGRhOjM4MDYwODU",
            "name": "first-dash",
            "page": [
              {
                "description": "",
                "guid": "MzkzMDM5MXxWSVp8REFTSEJPQVJEfDEwNTkxNDY0",
                "name": "first-page",
                "widget_area": [],
                "widget_bar": [
                  {
                    "colors": [],
                    "column": 1,
                    "facet_show_other_series": false,
                    "filter_current_dashboard": false,
                    "height": 3,
                    "id": "158657923",
                    "ignore_time_range": false,
                    "legend_enabled": true,
                    "linked_entity_guids": [],
                    "nrql_query": [
                      {
                        "account_id": 3930391,
                        "query": "SELECT average(host.net.transmitBytesPerSecond) AS 'Transmit bytes per second', average(host.net.receiveBytesPerSecond) AS 'Receive bytes per second' FROM Metric WHERE `entityGuid` = 'MzkzMDM5MXxJTkZSQXxOQXwxNjIyMDQ2NTA2MDA4ODQyODc3' TIMESERIES auto"
                      }
                    ],
                    "null_values": [],
                    "row": 2,
                    "title": "Bar data",
                    "units": [],
                    "width": 6,
                    "y_axis_left_max": 0,
                    "y_axis_left_min": 0
                  }
                ],
                "widget_billboard": [
                  {
                    "colors": [],
                    "column": 1,
                    "critical": "",
                    "facet_show_other_series": false,
                    "height": 3,
                    "id": "158657924",
                    "ignore_time_range": false,
                    "legend_enabled": true,
                    "nrql_query": [
                      {
                        "account_id": 3930391,
                        "query": "SELECT average(host.net.transmitBytesPerSecond) AS 'Transmit bytes per second', average(host.net.receiveBytesPerSecond) AS 'Receive bytes per second' FROM Metric WHERE `entityGuid` = 'MzkzMDM5MXxJTkZSQXxOQXwxNjIyMDQ2NTA2MDA4ODQyODc3' TIMESERIES auto "
                      }
                    ],
                    "null_values": [],
                    "row": 1,
                    "title": "Billboard data",
                    "units": [],
                    "warning": "",
                    "width": 6,
                    "y_axis_left_max": 0,
                    "y_axis_left_min": 0
                  }
                ],
                "widget_bullet": [],
                "widget_funnel": [],
                "widget_heatmap": [],
                "widget_histogram": [],
                "widget_json": [],
                "widget_line": [],
                "widget_log_table": [],
                "widget_markdown": [],
                "widget_pie": [],
                "widget_stacked_bar": [],
                "widget_table": []
              },
              {
                "description": "",
                "guid": "MzkzMDM5MXxWSVp8REFTSEJPQVJEfDEwNTkxNTU5",
                "name": "second-page",
                "widget_area": [],
                "widget_bar": [
                  {
                    "colors": [],
                    "column": 1,
                    "facet_show_other_series": false,
                    "filter_current_dashboard": false,
                    "height": 3,
                    "id": "158658973",
                    "ignore_time_range": false,
                    "legend_enabled": true,
                    "linked_entity_guids": [],
                    "nrql_query": [
                      {
                        "account_id": 3930391,
                        "query": "SELECT average(host.net.transmitBytesPerSecond) AS 'Transmit bytes per second', average(host.net.receiveBytesPerSecond) AS 'Receive bytes per second' FROM Metric WHERE `entityGuid` = 'MzkzMDM5MXxJTkZSQXxOQXwxNjIyMDQ2NTA2MDA4ODQyODc3' TIMESERIES auto"
                      }
                    ],
                    "null_values": [],
                    "row": 2,
                    "title": "Bar data",
                    "units": [],
                    "width": 6,
                    "y_axis_left_max": 0,
                    "y_axis_left_min": 0
                  }
                ],
                "widget_billboard": [
                  {
                    "colors": [],
                    "column": 1,
                    "critical": "",
                    "facet_show_other_series": false,
                    "height": 3,
                    "id": "158658974",
                    "ignore_time_range": false,
                    "legend_enabled": true,
                    "nrql_query": [
                      {
                        "account_id": 3930391,
                        "query": "SELECT average(host.net.transmitBytesPerSecond) AS 'Transmit bytes per second', average(host.net.receiveBytesPerSecond) AS 'Receive bytes per second' FROM Metric WHERE `entityGuid` = 'MzkzMDM5MXxJTkZSQXxOQXwxNjIyMDQ2NTA2MDA4ODQyODc3' TIMESERIES auto "
                      }
                    ],
                    "null_values": [],
                    "row": 1,
                    "title": "Billboard data",
                    "units": [],
                    "warning": "",
                    "width": 6,
                    "y_axis_left_max": 0,
                    "y_axis_left_min": 0
                  }
                ],
                "widget_bullet": [],
                "widget_funnel": [],
                "widget_heatmap": [],
                "widget_histogram": [],
                "widget_json": [],
                "widget_line": [],
                "widget_log_table": [],
                "widget_markdown": [],
                "widget_pie": [],
                "widget_stacked_bar": [],
                "widget_table": []
              }
            ],
            "permalink": "https://one.newrelic.com/redirect/entity/MzkzMDM5MXxWSVp8REFTSEJPQVJEfGRhOjM4MDYwODU",
            "permissions": "public_read_only",
            "variable": []
          },
          "sensitive_attributes": [],
          "private": "bnVsbA=="
        },
        {
          "index_key": "d2",
          "schema_version": 0,
          "attributes": {
            "account_id": 3930391,
            "description": null,
            "guid": "MzkzMDM5MXxWSVp8REFTSEJPQVJEfGRhOjM4MDYwODQ",
            "id": "MzkzMDM5MXxWSVp8REFTSEJPQVJEfGRhOjM4MDYwODQ",
            "name": "second-dash",
            "page": [
              {
                "description": "",
                "guid": "MzkzMDM5MXxWSVp8REFTSEJPQVJEfDEwNTkxNDYz",
                "name": "first-page",
                "widget_area": [],
                "widget_bar": [
                  {
                    "colors": [],
                    "column": 1,
                    "facet_show_other_series": false,
                    "filter_current_dashboard": false,
                    "height": 3,
                    "id": "158657921",
                    "ignore_time_range": false,
                    "legend_enabled": true,
                    "linked_entity_guids": [],
                    "nrql_query": [
                      {
                        "account_id": 3930391,
                        "query": "SELECT average(host.net.transmitBytesPerSecond) AS 'Transmit bytes per second', average(host.net.receiveBytesPerSecond) AS 'Receive bytes per second' FROM Metric WHERE `entityGuid` = 'MzkzMDM5MXxJTkZSQXxOQXwxNjIyMDQ2NTA2MDA4ODQyODc3' TIMESERIES auto"
                      }
                    ],
                    "null_values": [],
                    "row": 2,
                    "title": "Bar data",
                    "units": [],
                    "width": 6,
                    "y_axis_left_max": 0,
                    "y_axis_left_min": 0
                  }
                ],
                "widget_billboard": [
                  {
                    "colors": [],
                    "column": 1,
                    "critical": "",
                    "facet_show_other_series": false,
                    "height": 3,
                    "id": "158657922",
                    "ignore_time_range": false,
                    "legend_enabled": true,
                    "nrql_query": [
                      {
                        "account_id": 3930391,
                        "query": "SELECT average(host.memoryUsedPercent) AS 'Memory used %' FROM Metric WHERE `entityGuid` = 'MzkzMDM5MXxJTkZSQXxOQXwxNjIyMDQ2NTA2MDA4ODQyODc3' "
                      }
                    ],
                    "null_values": [],
                    "row": 1,
                    "title": "Bar data",
                    "units": [],
                    "warning": "",
                    "width": 6,
                    "y_axis_left_max": 0,
                    "y_axis_left_min": 0
                  }
                ],
                "widget_bullet": [],
                "widget_funnel": [],
                "widget_heatmap": [],
                "widget_histogram": [],
                "widget_json": [],
                "widget_line": [],
                "widget_log_table": [],
                "widget_markdown": [],
                "widget_pie": [],
                "widget_stacked_bar": [],
                "widget_table": []
              },
              {
                "description": "",
                "guid": "MzkzMDM5MXxWSVp8REFTSEJPQVJEfDEwNTkxNTYw",
                "name": "second-page",
                "widget_area": [],
                "widget_bar": [
                  {
                    "colors": [],
                    "column": 1,
                    "facet_show_other_series": false,
                    "filter_current_dashboard": false,
                    "height": 3,
                    "id": "158658975",
                    "ignore_time_range": false,
                    "legend_enabled": true,
                    "linked_entity_guids": [],
                    "nrql_query": [
                      {
                        "account_id": 3930391,
                        "query": "SELECT average(host.net.transmitBytesPerSecond) AS 'Transmit bytes per second', average(host.net.receiveBytesPerSecond) AS 'Receive bytes per second' FROM Metric WHERE `entityGuid` = 'MzkzMDM5MXxJTkZSQXxOQXwxNjIyMDQ2NTA2MDA4ODQyODc3' TIMESERIES auto"
                      }
                    ],
                    "null_values": [],
                    "row": 2,
                    "title": "Bar data",
                    "units": [],
                    "width": 6,
                    "y_axis_left_max": 0,
                    "y_axis_left_min": 0
                  }
                ],
                "widget_billboard": [
                  {
                    "colors": [],
                    "column": 1,
                    "critical": "",
                    "facet_show_other_series": false,
                    "height": 3,
                    "id": "158658976",
                    "ignore_time_range": false,
                    "legend_enabled": true,
                    "nrql_query": [
                      {
                        "account_id": 3930391,
                        "query": "SELECT average(host.memoryUsedPercent) AS 'Memory used %' FROM Metric WHERE `entityGuid` = 'MzkzMDM5MXxJTkZSQXxOQXwxNjIyMDQ2NTA2MDA4ODQyODc3' "
                      }
                    ],
                    "null_values": [],
                    "row": 1,
                    "title": "Bar data",
                    "units": [],
                    "warning": "",
                    "width": 6,
                    "y_axis_left_max": 0,
                    "y_axis_left_min": 0
                  }
                ],
                "widget_bullet": [],
                "widget_funnel": [],
                "widget_heatmap": [],
                "widget_histogram": [],
                "widget_json": [],
                "widget_line": [],
                "widget_log_table": [],
                "widget_markdown": [],
                "widget_pie": [],
                "widget_stacked_bar": [],
                "widget_table": []
              }
            ],
            "permalink": "https://one.newrelic.com/redirect/entity/MzkzMDM5MXxWSVp8REFTSEJPQVJEfGRhOjM4MDYwODQ",
            "permissions": "public_read_only",
            "variable": []
          },
          "sensitive_attributes": [],
          "private": "bnVsbA=="
        }
      ]
    }
  ],
  "check_results": null
}
